// !$*UTF8*$!
{
	archiveVersion = 1;
	classes = {
	};
	objectVersion = 50;
	objects = {

/* Begin PBXBuildFile section */
		22832AAD2565D52B002772FA /* AppDelegate.swift in Sources */ = {isa = PBXBuildFile; fileRef = 22832AAC2565D52B002772FA /* AppDelegate.swift */; };
		22832AB12565D52B002772FA /* WelcomeViewController.swift in Sources */ = {isa = PBXBuildFile; fileRef = 22832AB02565D52B002772FA /* WelcomeViewController.swift */; };
		22832AB62565D52D002772FA /* Assets.xcassets in Resources */ = {isa = PBXBuildFile; fileRef = 22832AB52565D52D002772FA /* Assets.xcassets */; };
		22832AB92565D52D002772FA /* LaunchScreen.storyboard in Resources */ = {isa = PBXBuildFile; fileRef = 22832AB72565D52D002772FA /* LaunchScreen.storyboard */; };
		22832AC42565D85C002772FA /* WelcomeView.swift in Sources */ = {isa = PBXBuildFile; fileRef = 22832AC32565D85C002772FA /* WelcomeView.swift */; };
		22832AC82565DFE1002772FA /* CodeView.swift in Sources */ = {isa = PBXBuildFile; fileRef = 22832AC72565DFE1002772FA /* CodeView.swift */; };
		22832ACA2565F352002772FA /* AppStyle.swift in Sources */ = {isa = PBXBuildFile; fileRef = 22832AC92565F352002772FA /* AppStyle.swift */; };
		22EF4F4C25672588005CDAC6 /* WelcomeButton.swift in Sources */ = {isa = PBXBuildFile; fileRef = 22EF4F4B25672588005CDAC6 /* WelcomeButton.swift */; };
		22EF4F5125673F20005CDAC6 /* Localizable.strings in Resources */ = {isa = PBXBuildFile; fileRef = 22EF4F5325673F20005CDAC6 /* Localizable.strings */; };
		22EF4F5825674179005CDAC6 /* Localization.swift in Sources */ = {isa = PBXBuildFile; fileRef = 22EF4F5725674179005CDAC6 /* Localization.swift */; };
/* End PBXBuildFile section */

/* Begin PBXFileReference section */
		22832AA92565D52B002772FA /* ViewCodeApp.app */ = {isa = PBXFileReference; explicitFileType = wrapper.application; includeInIndex = 0; path = ViewCodeApp.app; sourceTree = BUILT_PRODUCTS_DIR; };
		22832AAC2565D52B002772FA /* AppDelegate.swift */ = {isa = PBXFileReference; lastKnownFileType = sourcecode.swift; path = AppDelegate.swift; sourceTree = "<group>"; };
		22832AB02565D52B002772FA /* WelcomeViewController.swift */ = {isa = PBXFileReference; lastKnownFileType = sourcecode.swift; path = WelcomeViewController.swift; sourceTree = "<group>"; };
		22832AB52565D52D002772FA /* Assets.xcassets */ = {isa = PBXFileReference; lastKnownFileType = folder.assetcatalog; path = Assets.xcassets; sourceTree = "<group>"; };
		22832AB82565D52D002772FA /* Base */ = {isa = PBXFileReference; lastKnownFileType = file.storyboard; name = Base; path = Base.lproj/LaunchScreen.storyboard; sourceTree = "<group>"; };
		22832ABA2565D52D002772FA /* Info.plist */ = {isa = PBXFileReference; lastKnownFileType = text.plist.xml; path = Info.plist; sourceTree = "<group>"; };
		22832AC32565D85C002772FA /* WelcomeView.swift */ = {isa = PBXFileReference; lastKnownFileType = sourcecode.swift; path = WelcomeView.swift; sourceTree = "<group>"; };
		22832AC72565DFE1002772FA /* CodeView.swift */ = {isa = PBXFileReference; lastKnownFileType = sourcecode.swift; path = CodeView.swift; sourceTree = "<group>"; };
		22832AC92565F352002772FA /* AppStyle.swift */ = {isa = PBXFileReference; lastKnownFileType = sourcecode.swift; path = AppStyle.swift; sourceTree = "<group>"; };
		22EF4F4B25672588005CDAC6 /* WelcomeButton.swift */ = {isa = PBXFileReference; lastKnownFileType = sourcecode.swift; path = WelcomeButton.swift; sourceTree = "<group>"; };
		22EF4F4F25673ED7005CDAC6 /* pt-BR */ = {isa = PBXFileReference; lastKnownFileType = text.plist.strings; name = "pt-BR"; path = "pt-BR.lproj/LaunchScreen.strings"; sourceTree = "<group>"; };
		22EF4F5025673EE9005CDAC6 /* es */ = {isa = PBXFileReference; lastKnownFileType = text.plist.strings; name = es; path = es.lproj/LaunchScreen.strings; sourceTree = "<group>"; };
		22EF4F5225673F20005CDAC6 /* en */ = {isa = PBXFileReference; lastKnownFileType = text.plist.strings; name = en; path = en.lproj/Localizable.strings; sourceTree = "<group>"; };
		22EF4F5425673F33005CDAC6 /* pt-BR */ = {isa = PBXFileReference; lastKnownFileType = text.plist.strings; name = "pt-BR"; path = "pt-BR.lproj/Localizable.strings"; sourceTree = "<group>"; };
		22EF4F5525673F37005CDAC6 /* es */ = {isa = PBXFileReference; lastKnownFileType = text.plist.strings; name = es; path = es.lproj/Localizable.strings; sourceTree = "<group>"; };
		22EF4F5725674179005CDAC6 /* Localization.swift */ = {isa = PBXFileReference; lastKnownFileType = sourcecode.swift; path = Localization.swift; sourceTree = "<group>"; };
/* End PBXFileReference section */

/* Begin PBXFrameworksBuildPhase section */
		22832AA62565D52B002772FA /* Frameworks */ = {
			isa = PBXFrameworksBuildPhase;
			buildActionMask = 2147483647;
			files = (
			);
			runOnlyForDeploymentPostprocessing = 0;
		};
/* End PBXFrameworksBuildPhase section */

/* Begin PBXGroup section */
		22832AA02565D52B002772FA = {
			isa = PBXGroup;
			children = (
				22832AAB2565D52B002772FA /* ViewCodeApp */,
				22832AAA2565D52B002772FA /* Products */,
			);
			sourceTree = "<group>";
		};
		22832AAA2565D52B002772FA /* Products */ = {
			isa = PBXGroup;
			children = (
				22832AA92565D52B002772FA /* ViewCodeApp.app */,
			);
			name = Products;
			sourceTree = "<group>";
		};
		22832AAB2565D52B002772FA /* ViewCodeApp */ = {
			isa = PBXGroup;
			children = (
				22832AAC2565D52B002772FA /* AppDelegate.swift */,
				22832AC02565D73C002772FA /* Welcome */,
				22832AC52565DFB0002772FA /* Shared */,
				22EF4F4A25672548005CDAC6 /* Components */,
				22832AB52565D52D002772FA /* Assets.xcassets */,
				22832AB72565D52D002772FA /* LaunchScreen.storyboard */,
				22832ABA2565D52D002772FA /* Info.plist */,
				22EF4F5325673F20005CDAC6 /* Localizable.strings */,
			);
			path = ViewCodeApp;
			sourceTree = "<group>";
		};
		22832AC02565D73C002772FA /* Welcome */ = {
			isa = PBXGroup;
			children = (
				22832AC22565D75C002772FA /* View */,
				22832AC12565D751002772FA /* Controller */,
			);
			path = Welcome;
			sourceTree = "<group>";
		};
		22832AC12565D751002772FA /* Controller */ = {
			isa = PBXGroup;
			children = (
				22832AB02565D52B002772FA /* WelcomeViewController.swift */,
			);
			path = Controller;
			sourceTree = "<group>";
		};
		22832AC22565D75C002772FA /* View */ = {
			isa = PBXGroup;
			children = (
				22832AC32565D85C002772FA /* WelcomeView.swift */,
			);
			path = View;
			sourceTree = "<group>";
		};
		22832AC52565DFB0002772FA /* Shared */ = {
			isa = PBXGroup;
			children = (
				22EF4F562567416C005CDAC6 /* Model */,
				22832AC62565DFBD002772FA /* Protocols */,
				22832AC92565F352002772FA /* AppStyle.swift */,
			);
			path = Shared;
			sourceTree = "<group>";
		};
		22832AC62565DFBD002772FA /* Protocols */ = {
			isa = PBXGroup;
			children = (
				22832AC72565DFE1002772FA /* CodeView.swift */,
			);
			path = Protocols;
			sourceTree = "<group>";
		};
		22EF4F4A25672548005CDAC6 /* Components */ = {
			isa = PBXGroup;
			children = (
				22EF4F4B25672588005CDAC6 /* WelcomeButton.swift */,
			);
			path = Components;
			sourceTree = "<group>";
		};
		22EF4F562567416C005CDAC6 /* Model */ = {
			isa = PBXGroup;
			children = (
				22EF4F5725674179005CDAC6 /* Localization.swift */,
			);
			path = Model;
			sourceTree = "<group>";
		};
/* End PBXGroup section */

/* Begin PBXNativeTarget section */
		22832AA82565D52B002772FA /* ViewCodeApp */ = {
			isa = PBXNativeTarget;
			buildConfigurationList = 22832ABD2565D52D002772FA /* Build configuration list for PBXNativeTarget "ViewCodeApp" */;
			buildPhases = (
				22832AA52565D52B002772FA /* Sources */,
				22832AA62565D52B002772FA /* Frameworks */,
				22832AA72565D52B002772FA /* Resources */,
			);
			buildRules = (
			);
			dependencies = (
			);
			name = ViewCodeApp;
			productName = ViewCodeApp;
			productReference = 22832AA92565D52B002772FA /* ViewCodeApp.app */;
			productType = "com.apple.product-type.application";
		};
/* End PBXNativeTarget section */

/* Begin PBXProject section */
		22832AA12565D52B002772FA /* Project object */ = {
			isa = PBXProject;
			attributes = {
				LastSwiftUpdateCheck = 1170;
				LastUpgradeCheck = 1170;
				ORGANIZATIONNAME = Afrodev;
				TargetAttributes = {
					22832AA82565D52B002772FA = {
						CreatedOnToolsVersion = 11.7;
					};
				};
			};
			buildConfigurationList = 22832AA42565D52B002772FA /* Build configuration list for PBXProject "ViewCodeApp" */;
			compatibilityVersion = "Xcode 9.3";
			developmentRegion = en;
			hasScannedForEncodings = 0;
			knownRegions = (
				en,
				Base,
				"pt-BR",
				es,
			);
			mainGroup = 22832AA02565D52B002772FA;
			productRefGroup = 22832AAA2565D52B002772FA /* Products */;
			projectDirPath = "";
			projectRoot = "";
			targets = (
				22832AA82565D52B002772FA /* ViewCodeApp */,
			);
		};
/* End PBXProject section */

/* Begin PBXResourcesBuildPhase section */
		22832AA72565D52B002772FA /* Resources */ = {
			isa = PBXResourcesBuildPhase;
			buildActionMask = 2147483647;
			files = (
				22832AB92565D52D002772FA /* LaunchScreen.storyboard in Resources */,
				22EF4F5125673F20005CDAC6 /* Localizable.strings in Resources */,
				22832AB62565D52D002772FA /* Assets.xcassets in Resources */,
			);
			runOnlyForDeploymentPostprocessing = 0;
		};
/* End PBXResourcesBuildPhase section */

/* Begin PBXSourcesBuildPhase section */
		22832AA52565D52B002772FA /* Sources */ = {
			isa = PBXSourcesBuildPhase;
			buildActionMask = 2147483647;
			files = (
				22832AB12565D52B002772FA /* WelcomeViewController.swift in Sources */,
				22832ACA2565F352002772FA /* AppStyle.swift in Sources */,
				22EF4F5825674179005CDAC6 /* Localization.swift in Sources */,
				22EF4F4C25672588005CDAC6 /* WelcomeButton.swift in Sources */,
				22832AC42565D85C002772FA /* WelcomeView.swift in Sources */,
				22832AAD2565D52B002772FA /* AppDelegate.swift in Sources */,
				22832AC82565DFE1002772FA /* CodeView.swift in Sources */,
			);
			runOnlyForDeploymentPostprocessing = 0;
		};
/* End PBXSourcesBuildPhase section */

/* Begin PBXVariantGroup section */
		22832AB72565D52D002772FA /* LaunchScreen.storyboard */ = {
			isa = PBXVariantGroup;
			children = (
				22832AB82565D52D002772FA /* Base */,
				22EF4F4F25673ED7005CDAC6 /* pt-BR */,
				22EF4F5025673EE9005CDAC6 /* es */,
			);
			name = LaunchScreen.storyboard;
			sourceTree = "<group>";
		};
		22EF4F5325673F20005CDAC6 /* Localizable.strings */ = {
			isa = PBXVariantGroup;
			children = (
				22EF4F5225673F20005CDAC6 /* en */,
				22EF4F5425673F33005CDAC6 /* pt-BR */,
				22EF4F5525673F37005CDAC6 /* es */,
			);
			name = Localizable.strings;
			sourceTree = "<group>";
		};
/* End PBXVariantGroup section */

/* Begin XCBuildConfiguration section */
		22832ABB2565D52D002772FA /* Debug */ = {
			isa = XCBuildConfiguration;
			buildSettings = {
				ALWAYS_SEARCH_USER_PATHS = NO;
				CLANG_ANALYZER_LOCALIZABILITY_NONLOCALIZED = YES;
				CLANG_ANALYZER_NONNULL = YES;
				CLANG_ANALYZER_NUMBER_OBJECT_CONVERSION = YES_AGGRESSIVE;
				CLANG_CXX_LANGUAGE_STANDARD = "gnu++14";
				CLANG_CXX_LIBRARY = "libc++";
				CLANG_ENABLE_MODULES = YES;
				CLANG_ENABLE_OBJC_ARC = YES;
				CLANG_ENABLE_OBJC_WEAK = YES;
				CLANG_WARN_BLOCK_CAPTURE_AUTORELEASING = YES;
				CLANG_WARN_BOOL_CONVERSION = YES;
				CLANG_WARN_COMMA = YES;
				CLANG_WARN_CONSTANT_CONVERSION = YES;
				CLANG_WARN_DEPRECATED_OBJC_IMPLEMENTATIONS = YES;
				CLANG_WARN_DIRECT_OBJC_ISA_USAGE = YES_ERROR;
				CLANG_WARN_DOCUMENTATION_COMMENTS = YES;
				CLANG_WARN_EMPTY_BODY = YES;
				CLANG_WARN_ENUM_CONVERSION = YES;
				CLANG_WARN_INFINITE_RECURSION = YES;
				CLANG_WARN_INT_CONVERSION = YES;
				CLANG_WARN_NON_LITERAL_NULL_CONVERSION = YES;
				CLANG_WARN_OBJC_IMPLICIT_RETAIN_SELF = YES;
				CLANG_WARN_OBJC_LITERAL_CONVERSION = YES;
				CLANG_WARN_OBJC_ROOT_CLASS = YES_ERROR;
				CLANG_WARN_RANGE_LOOP_ANALYSIS = YES;
				CLANG_WARN_STRICT_PROTOTYPES = YES;
				CLANG_WARN_SUSPICIOUS_MOVE = YES;
				CLANG_WARN_UNGUARDED_AVAILABILITY = YES_AGGRESSIVE;
				CLANG_WARN_UNREACHABLE_CODE = YES;
				CLANG_WARN__DUPLICATE_METHOD_MATCH = YES;
				COPY_PHASE_STRIP = NO;
				DEBUG_INFORMATION_FORMAT = dwarf;
				ENABLE_STRICT_OBJC_MSGSEND = YES;
				ENABLE_TESTABILITY = YES;
				GCC_C_LANGUAGE_STANDARD = gnu11;
				GCC_DYNAMIC_NO_PIC = NO;
				GCC_NO_COMMON_BLOCKS = YES;
				GCC_OPTIMIZATION_LEVEL = 0;
				GCC_PREPROCESSOR_DEFINITIONS = (
					"DEBUG=1",
					"$(inherited)",
				);
				GCC_WARN_64_TO_32_BIT_CONVERSION = YES;
				GCC_WARN_ABOUT_RETURN_TYPE = YES_ERROR;
				GCC_WARN_UNDECLARED_SELECTOR = YES;
				GCC_WARN_UNINITIALIZED_AUTOS = YES_AGGRESSIVE;
				GCC_WARN_UNUSED_FUNCTION = YES;
				GCC_WARN_UNUSED_VARIABLE = YES;
				IPHONEOS_DEPLOYMENT_TARGET = 13.7;
				MTL_ENABLE_DEBUG_INFO = INCLUDE_SOURCE;
				MTL_FAST_MATH = YES;
				ONLY_ACTIVE_ARCH = YES;
				SDKROOT = iphoneos;
				SWIFT_ACTIVE_COMPILATION_CONDITIONS = DEBUG;
				SWIFT_OPTIMIZATION_LEVEL = "-Onone";
			};
			name = Debug;
		};
		22832ABC2565D52D002772FA /* Release */ = {
			isa = XCBuildConfiguration;
			buildSettings = {
				ALWAYS_SEARCH_USER_PATHS = NO;
				CLANG_ANALYZER_LOCALIZABILITY_NONLOCALIZED = YES;
				CLANG_ANALYZER_NONNULL = YES;
				CLANG_ANALYZER_NUMBER_OBJECT_CONVERSION = YES_AGGRESSIVE;
				CLANG_CXX_LANGUAGE_STANDARD = "gnu++14";
				CLANG_CXX_LIBRARY = "libc++";
				CLANG_ENABLE_MODULES = YES;
				CLANG_ENABLE_OBJC_ARC = YES;
				CLANG_ENABLE_OBJC_WEAK = YES;
				CLANG_WARN_BLOCK_CAPTURE_AUTORELEASING = YES;
				CLANG_WARN_BOOL_CONVERSION = YES;
				CLANG_WARN_COMMA = YES;
				CLANG_WARN_CONSTANT_CONVERSION = YES;
				CLANG_WARN_DEPRECATED_OBJC_IMPLEMENTATIONS = YES;
				CLANG_WARN_DIRECT_OBJC_ISA_USAGE = YES_ERROR;
				CLANG_WARN_DOCUMENTATION_COMMENTS = YES;
				CLANG_WARN_EMPTY_BODY = YES;
				CLANG_WARN_ENUM_CONVERSION = YES;
				CLANG_WARN_INFINITE_RECURSION = YES;
				CLANG_WARN_INT_CONVERSION = YES;
				CLANG_WARN_NON_LITERAL_NULL_CONVERSION = YES;
				CLANG_WARN_OBJC_IMPLICIT_RETAIN_SELF = YES;
				CLANG_WARN_OBJC_LITERAL_CONVERSION = YES;
				CLANG_WARN_OBJC_ROOT_CLASS = YES_ERROR;
				CLANG_WARN_RANGE_LOOP_ANALYSIS = YES;
				CLANG_WARN_STRICT_PROTOTYPES = YES;
				CLANG_WARN_SUSPICIOUS_MOVE = YES;
				CLANG_WARN_UNGUARDED_AVAILABILITY = YES_AGGRESSIVE;
				CLANG_WARN_UNREACHABLE_CODE = YES;
				CLANG_WARN__DUPLICATE_METHOD_MATCH = YES;
				COPY_PHASE_STRIP = NO;
				DEBUG_INFORMATION_FORMAT = "dwarf-with-dsym";
				ENABLE_NS_ASSERTIONS = NO;
				ENABLE_STRICT_OBJC_MSGSEND = YES;
				GCC_C_LANGUAGE_STANDARD = gnu11;
				GCC_NO_COMMON_BLOCKS = YES;
				GCC_WARN_64_TO_32_BIT_CONVERSION = YES;
				GCC_WARN_ABOUT_RETURN_TYPE = YES_ERROR;
				GCC_WARN_UNDECLARED_SELECTOR = YES;
				GCC_WARN_UNINITIALIZED_AUTOS = YES_AGGRESSIVE;
				GCC_WARN_UNUSED_FUNCTION = YES;
				GCC_WARN_UNUSED_VARIABLE = YES;
				IPHONEOS_DEPLOYMENT_TARGET = 13.7;
				MTL_ENABLE_DEBUG_INFO = NO;
				MTL_FAST_MATH = YES;
				SDKROOT = iphoneos;
				SWIFT_COMPILATION_MODE = wholemodule;
				SWIFT_OPTIMIZATION_LEVEL = "-O";
				VALIDATE_PRODUCT = YES;
			};
			name = Release;
		};
		22832ABE2565D52D002772FA /* Debug */ = {
			isa = XCBuildConfiguration;
			buildSettings = {
				ASSETCATALOG_COMPILER_APPICON_NAME = AppIcon;
				CODE_SIGN_STYLE = Automatic;
				INFOPLIST_FILE = ViewCodeApp/Info.plist;
				LD_RUNPATH_SEARCH_PATHS = (
					"$(inherited)",
					"@executable_path/Frameworks",
				);
				PRODUCT_BUNDLE_IDENTIFIER = br.com.afrodev.ViewCodeApp;
				PRODUCT_NAME = "$(TARGET_NAME)";
				SWIFT_VERSION = 5.0;
				TARGETED_DEVICE_FAMILY = "1,2";
			};
			name = Debug;
		};
		22832ABF2565D52D002772FA /* Release */ = {
			isa = XCBuildConfiguration;
			buildSettings = {
				ASSETCATALOG_COMPILER_APPICON_NAME = AppIcon;
				CODE_SIGN_STYLE = Automatic;
				INFOPLIST_FILE = ViewCodeApp/Info.plist;
				LD_RUNPATH_SEARCH_PATHS = (
					"$(inherited)",
					"@executable_path/Frameworks",
				);
				PRODUCT_BUNDLE_IDENTIFIER = br.com.afrodev.ViewCodeApp;
				PRODUCT_NAME = "$(TARGET_NAME)";
				SWIFT_VERSION = 5.0;
				TARGETED_DEVICE_FAMILY = "1,2";
			};
			name = Release;
		};
/* End XCBuildConfiguration section */

/* Begin XCConfigurationList section */
		22832AA42565D52B002772FA /* Build configuration list for PBXProject "ViewCodeApp" */ = {
			isa = XCConfigurationList;
			buildConfigurations = (
				22832ABB2565D52D002772FA /* Debug */,
				22832ABC2565D52D002772FA /* Release */,
			);
			defaultConfigurationIsVisible = 0;
			defaultConfigurationName = Release;
		};
		22832ABD2565D52D002772FA /* Build configuration list for PBXNativeTarget "ViewCodeApp" */ = {
			isa = XCConfigurationList;
			buildConfigurations = (
				22832ABE2565D52D002772FA /* Debug */,
				22832ABF2565D52D002772FA /* Release */,
			);
			defaultConfigurationIsVisible = 0;
			defaultConfigurationName = Release;
		};
/* End XCConfigurationList section */
	};
	rootObject = 22832AA12565D52B002772FA /* Project object */;
}
